Microsoft Visual Studio Solution File, Format Version 12.00
# Visual Studio Version 17
VisualStudioVersion = 17.5.2.0
MinimumVisualStudioVersion = 10.0.40219.1
Project("{2150E333-8FDC-42A3-9474-1A3956D46DE8}") = "api", "api", "{D82C56D6-B2CD-F611-9E31-04638F7EC30E}"
EndProject
Project("{FAE04EC0-301F-11D3-BF4B-00C04F79EFBC}") = "GameBacklog.api", "api\GameBacklog.api\GameBacklog.api.csproj", "{75DBCBD9-F9B8-8C27-FAC1-1246EA3003BD}"
EndProject
Global
	GlobalSection(SolutionConfigurationPlatforms) = preSolution
		Debug|Any CPU = Debug|Any CPU
		Release|Any CPU = Release|Any CPU
	EndGlobalSection
	GlobalSection(ProjectConfigurationPlatforms) = postSolution
		{75DBCBD9-F9B8-8C27-FAC1-1246EA3003BD}.Debug|Any CPU.ActiveCfg = Debug|Any CPU
		{75DBCBD9-F9B8-8C27-FAC1-1246EA3003BD}.Debug|Any CPU.Build.0 = Debug|Any CPU
		{75DBCBD9-F9B8-8C27-FAC1-1246EA3003BD}.Release|Any CPU.ActiveCfg = Release|Any CPU
		{75DBCBD9-F9B8-8C27-FAC1-1246EA3003BD}.Release|Any CPU.Build.0 = Release|Any CPU
	EndGlobalSection
	GlobalSection(SolutionProperties) = preSolution
		HideSolutionNode = FALSE
	EndGlobalSection
	GlobalSection(NestedProjects) = preSolution
		{75DBCBD9-F9B8-8C27-FAC1-1246EA3003BD} = {D82C56D6-B2CD-F611-9E31-04638F7EC30E}
	EndGlobalSection
	GlobalSection(ExtensibilityGlobals) = postSolution
		SolutionGuid = {6A9C5089-B49A-4530-9449-56D513282D6E}
	EndGlobalSection
EndGlobal
